// !$*UTF8*$!
{
	archiveVersion = 1;
	classes = {
	};
	objectVersion = 50;
	objects = {

/* Begin PBXBuildFile section */
		6717167E22B4D3B400DBF2E4 /* Worlds.swift in Sources */ = {isa = PBXBuildFile; fileRef = 6717167D22B4D3B400DBF2E4 /* Worlds.swift */; };
		6717168122B4E08600DBF2E4 /* Presenter.swift in Sources */ = {isa = PBXBuildFile; fileRef = 6717168022B4E08600DBF2E4 /* Presenter.swift */; };
		6717168522B4E0D300DBF2E4 /* WorldsView.swift in Sources */ = {isa = PBXBuildFile; fileRef = 6717168422B4E0D300DBF2E4 /* WorldsView.swift */; };
		6717168822B4EBC300DBF2E4 /* WorldsController.swift in Sources */ = {isa = PBXBuildFile; fileRef = 6717168722B4EBC300DBF2E4 /* WorldsController.swift */; };
		6729576D22B4FA44007FE810 /* WorldsTableViewCell.swift in Sources */ = {isa = PBXBuildFile; fileRef = 6729576C22B4FA44007FE810 /* WorldsTableViewCell.swift */; };
		67D0181122B40B25004EE0C2 /* AppDelegate.swift in Sources */ = {isa = PBXBuildFile; fileRef = 67D0181022B40B25004EE0C2 /* AppDelegate.swift */; };
		67D0181322B40B25004EE0C2 /* ViewController.swift in Sources */ = {isa = PBXBuildFile; fileRef = 67D0181222B40B25004EE0C2 /* ViewController.swift */; };
		67D0181622B40B25004EE0C2 /* Main.storyboard in Resources */ = {isa = PBXBuildFile; fileRef = 67D0181422B40B25004EE0C2 /* Main.storyboard */; };
		67D0181922B40B25004EE0C2 /* GameWorlds.xcdatamodeld in Sources */ = {isa = PBXBuildFile; fileRef = 67D0181722B40B25004EE0C2 /* GameWorlds.xcdatamodeld */; };
		67D0181B22B40B28004EE0C2 /* Assets.xcassets in Resources */ = {isa = PBXBuildFile; fileRef = 67D0181A22B40B28004EE0C2 /* Assets.xcassets */; };
		67D0181E22B40B28004EE0C2 /* LaunchScreen.storyboard in Resources */ = {isa = PBXBuildFile; fileRef = 67D0181C22B40B28004EE0C2 /* LaunchScreen.storyboard */; };
		67D0182622B40B48004EE0C2 /* NetworkProvider.swift in Sources */ = {isa = PBXBuildFile; fileRef = 67D0182522B40B47004EE0C2 /* NetworkProvider.swift */; };
		67D8A9F722B4FFB700BFCFB4 /* Extensions.swift in Sources */ = {isa = PBXBuildFile; fileRef = 67D8A9F622B4FFB700BFCFB4 /* Extensions.swift */; };
		67D8A9FB22B517ED00BFCFB4 /* Router.swift in Sources */ = {isa = PBXBuildFile; fileRef = 67D8A9FA22B517ED00BFCFB4 /* Router.swift */; };
		CB95ADF63617116A60F281A5 /* Pods_GameWorlds.framework in Frameworks */ = {isa = PBXBuildFile; fileRef = 842634DE3D28A51A4A1D36D6 /* Pods_GameWorlds.framework */; };
/* End PBXBuildFile section */

/* Begin PBXFileReference section */
		6717167D22B4D3B400DBF2E4 /* Worlds.swift */ = {isa = PBXFileReference; lastKnownFileType = sourcecode.swift; path = Worlds.swift; sourceTree = "<group>"; };
		6717168022B4E08600DBF2E4 /* Presenter.swift */ = {isa = PBXFileReference; lastKnownFileType = sourcecode.swift; path = Presenter.swift; sourceTree = "<group>"; };
		6717168422B4E0D300DBF2E4 /* WorldsView.swift */ = {isa = PBXFileReference; lastKnownFileType = sourcecode.swift; path = WorldsView.swift; sourceTree = "<group>"; };
		6717168722B4EBC300DBF2E4 /* WorldsController.swift */ = {isa = PBXFileReference; lastKnownFileType = sourcecode.swift; path = WorldsController.swift; sourceTree = "<group>"; };
		6729576C22B4FA44007FE810 /* WorldsTableViewCell.swift */ = {isa = PBXFileReference; lastKnownFileType = sourcecode.swift; path = WorldsTableViewCell.swift; sourceTree = "<group>"; };
		67D0180D22B40B25004EE0C2 /* GameWorlds.app */ = {isa = PBXFileReference; explicitFileType = wrapper.application; includeInIndex = 0; path = GameWorlds.app; sourceTree = BUILT_PRODUCTS_DIR; };
		67D0181022B40B25004EE0C2 /* AppDelegate.swift */ = {isa = PBXFileReference; lastKnownFileType = sourcecode.swift; path = AppDelegate.swift; sourceTree = "<group>"; };
		67D0181222B40B25004EE0C2 /* ViewController.swift */ = {isa = PBXFileReference; lastKnownFileType = sourcecode.swift; path = ViewController.swift; sourceTree = "<group>"; };
		67D0181522B40B25004EE0C2 /* Base */ = {isa = PBXFileReference; lastKnownFileType = file.storyboard; name = Base; path = Base.lproj/Main.storyboard; sourceTree = "<group>"; };
		67D0181822B40B25004EE0C2 /* GameWorlds.xcdatamodel */ = {isa = PBXFileReference; lastKnownFileType = wrapper.xcdatamodel; path = GameWorlds.xcdatamodel; sourceTree = "<group>"; };
		67D0181A22B40B28004EE0C2 /* Assets.xcassets */ = {isa = PBXFileReference; lastKnownFileType = folder.assetcatalog; path = Assets.xcassets; sourceTree = "<group>"; };
		67D0181D22B40B28004EE0C2 /* Base */ = {isa = PBXFileReference; lastKnownFileType = file.storyboard; name = Base; path = Base.lproj/LaunchScreen.storyboard; sourceTree = "<group>"; };
		67D0181F22B40B28004EE0C2 /* Info.plist */ = {isa = PBXFileReference; lastKnownFileType = text.plist.xml; path = Info.plist; sourceTree = "<group>"; };
		67D0182522B40B47004EE0C2 /* NetworkProvider.swift */ = {isa = PBXFileReference; lastKnownFileType = sourcecode.swift; path = NetworkProvider.swift; sourceTree = "<group>"; };
		67D8A9F622B4FFB700BFCFB4 /* Extensions.swift */ = {isa = PBXFileReference; lastKnownFileType = sourcecode.swift; path = Extensions.swift; sourceTree = "<group>"; };
		67D8A9FA22B517ED00BFCFB4 /* Router.swift */ = {isa = PBXFileReference; lastKnownFileType = sourcecode.swift; path = Router.swift; sourceTree = "<group>"; };
		842634DE3D28A51A4A1D36D6 /* Pods_GameWorlds.framework */ = {isa = PBXFileReference; explicitFileType = wrapper.framework; includeInIndex = 0; path = Pods_GameWorlds.framework; sourceTree = BUILT_PRODUCTS_DIR; };
		98404C2A128186253E6374B4 /* Pods-GameWorlds.debug.xcconfig */ = {isa = PBXFileReference; includeInIndex = 1; lastKnownFileType = text.xcconfig; name = "Pods-GameWorlds.debug.xcconfig"; path = "Pods/Target Support Files/Pods-GameWorlds/Pods-GameWorlds.debug.xcconfig"; sourceTree = "<group>"; };
		E28075E016BF3A68F8C8444B /* Pods-GameWorlds.release.xcconfig */ = {isa = PBXFileReference; includeInIndex = 1; lastKnownFileType = text.xcconfig; name = "Pods-GameWorlds.release.xcconfig"; path = "Pods/Target Support Files/Pods-GameWorlds/Pods-GameWorlds.release.xcconfig"; sourceTree = "<group>"; };
/* End PBXFileReference section */

/* Begin PBXFrameworksBuildPhase section */
		67D0180A22B40B25004EE0C2 /* Frameworks */ = {
			isa = PBXFrameworksBuildPhase;
			buildActionMask = 2147483647;
			files = (
				CB95ADF63617116A60F281A5 /* Pods_GameWorlds.framework in Frameworks */,
			);
			runOnlyForDeploymentPostprocessing = 0;
		};
/* End PBXFrameworksBuildPhase section */

/* Begin PBXGroup section */
		4063E5DE637DBA0358BB15CA /* Frameworks */ = {
			isa = PBXGroup;
			children = (
				842634DE3D28A51A4A1D36D6 /* Pods_GameWorlds.framework */,
			);
			name = Frameworks;
			sourceTree = "<group>";
		};
		6717167C22B4D3A000DBF2E4 /* Model */ = {
			isa = PBXGroup;
			children = (
				6717167D22B4D3B400DBF2E4 /* Worlds.swift */,
			);
			path = Model;
			sourceTree = "<group>";
		};
		6717167F22B4E07400DBF2E4 /* Providers */ = {
			isa = PBXGroup;
			children = (
				67D0182522B40B47004EE0C2 /* NetworkProvider.swift */,
			);
			path = Providers;
			sourceTree = "<group>";
		};
		6717168222B4E08A00DBF2E4 /* Presenter */ = {
			isa = PBXGroup;
			children = (
				6717168022B4E08600DBF2E4 /* Presenter.swift */,
			);
			path = Presenter;
			sourceTree = "<group>";
		};
		6717168322B4E0BB00DBF2E4 /* Protocols */ = {
			isa = PBXGroup;
			children = (
				6717168422B4E0D300DBF2E4 /* WorldsView.swift */,
			);
			path = Protocols;
			sourceTree = "<group>";
		};
		6717168622B4E1C300DBF2E4 /* View */ = {
			isa = PBXGroup;
			children = (
				67D0181222B40B25004EE0C2 /* ViewController.swift */,
				6717168722B4EBC300DBF2E4 /* WorldsController.swift */,
				6729576C22B4FA44007FE810 /* WorldsTableViewCell.swift */,
			);
			path = View;
			sourceTree = "<group>";
		};
		67D0180422B40B25004EE0C2 = {
			isa = PBXGroup;
			children = (
				67D0180F22B40B25004EE0C2 /* GameWorlds */,
				67D0180E22B40B25004EE0C2 /* Products */,
				95B3487C475CD64AC9FB0510 /* Pods */,
				4063E5DE637DBA0358BB15CA /* Frameworks */,
			);
			sourceTree = "<group>";
		};
		67D0180E22B40B25004EE0C2 /* Products */ = {
			isa = PBXGroup;
			children = (
				67D0180D22B40B25004EE0C2 /* GameWorlds.app */,
			);
			name = Products;
			sourceTree = "<group>";
		};
		67D0180F22B40B25004EE0C2 /* GameWorlds */ = {
			isa = PBXGroup;
			children = (
				67D8A9FC22B5203500BFCFB4 /* Router */,
				67D8A9F522B4FF9D00BFCFB4 /* Extension */,
				6717168622B4E1C300DBF2E4 /* View */,
				6717168322B4E0BB00DBF2E4 /* Protocols */,
				6717168222B4E08A00DBF2E4 /* Presenter */,
				6717167F22B4E07400DBF2E4 /* Providers */,
				6717167C22B4D3A000DBF2E4 /* Model */,
				67D0181022B40B25004EE0C2 /* AppDelegate.swift */,
				67D0181422B40B25004EE0C2 /* Main.storyboard */,
				67D0181A22B40B28004EE0C2 /* Assets.xcassets */,
				67D0181C22B40B28004EE0C2 /* LaunchScreen.storyboard */,
				67D0181F22B40B28004EE0C2 /* Info.plist */,
				67D0181722B40B25004EE0C2 /* GameWorlds.xcdatamodeld */,
			);
			path = GameWorlds;
			sourceTree = "<group>";
		};
		67D8A9F522B4FF9D00BFCFB4 /* Extension */ = {
			isa = PBXGroup;
			children = (
				67D8A9F622B4FFB700BFCFB4 /* Extensions.swift */,
			);
			path = Extension;
			sourceTree = "<group>";
		};
		67D8A9FC22B5203500BFCFB4 /* Router */ = {
			isa = PBXGroup;
			children = (
				67D8A9FA22B517ED00BFCFB4 /* Router.swift */,
			);
			path = Router;
			sourceTree = "<group>";
		};
		95B3487C475CD64AC9FB0510 /* Pods */ = {
			isa = PBXGroup;
			children = (
				98404C2A128186253E6374B4 /* Pods-GameWorlds.debug.xcconfig */,
				E28075E016BF3A68F8C8444B /* Pods-GameWorlds.release.xcconfig */,
			);
			name = Pods;
			sourceTree = "<group>";
		};
/* End PBXGroup section */

/* Begin PBXNativeTarget section */
		67D0180C22B40B25004EE0C2 /* GameWorlds */ = {
			isa = PBXNativeTarget;
			buildConfigurationList = 67D0182222B40B28004EE0C2 /* Build configuration list for PBXNativeTarget "GameWorlds" */;
			buildPhases = (
				0394F10412A3B07998C11610 /* [CP] Check Pods Manifest.lock */,
				67D0180922B40B25004EE0C2 /* Sources */,
				67D0180A22B40B25004EE0C2 /* Frameworks */,
				67D0180B22B40B25004EE0C2 /* Resources */,
				9E6BDA6AF3F0770C64853B4D /* [CP] Embed Pods Frameworks */,
			);
			buildRules = (
			);
			dependencies = (
			);
			name = GameWorlds;
			productName = GameWorlds;
			productReference = 67D0180D22B40B25004EE0C2 /* GameWorlds.app */;
			productType = "com.apple.product-type.application";
		};
/* End PBXNativeTarget section */

/* Begin PBXProject section */
		67D0180522B40B25004EE0C2 /* Project object */ = {
			isa = PBXProject;
			attributes = {
				LastSwiftUpdateCheck = 1010;
				LastUpgradeCheck = 1010;
				ORGANIZATIONNAME = liza_kaganskaya;
				TargetAttributes = {
					67D0180C22B40B25004EE0C2 = {
						CreatedOnToolsVersion = 10.1;
					};
				};
			};
			buildConfigurationList = 67D0180822B40B25004EE0C2 /* Build configuration list for PBXProject "GameWorlds" */;
			compatibilityVersion = "Xcode 9.3";
			developmentRegion = en;
			hasScannedForEncodings = 0;
			knownRegions = (
				en,
				Base,
			);
			mainGroup = 67D0180422B40B25004EE0C2;
			productRefGroup = 67D0180E22B40B25004EE0C2 /* Products */;
			projectDirPath = "";
			projectRoot = "";
			targets = (
				67D0180C22B40B25004EE0C2 /* GameWorlds */,
			);
		};
/* End PBXProject section */

/* Begin PBXResourcesBuildPhase section */
		67D0180B22B40B25004EE0C2 /* Resources */ = {
			isa = PBXResourcesBuildPhase;
			buildActionMask = 2147483647;
			files = (
				67D0181E22B40B28004EE0C2 /* LaunchScreen.storyboard in Resources */,
				67D0181B22B40B28004EE0C2 /* Assets.xcassets in Resources */,
				67D0181622B40B25004EE0C2 /* Main.storyboard in Resources */,
			);
			runOnlyForDeploymentPostprocessing = 0;
		};
/* End PBXResourcesBuildPhase section */

/* Begin PBXShellScriptBuildPhase section */
		0394F10412A3B07998C11610 /* [CP] Check Pods Manifest.lock */ = {
			isa = PBXShellScriptBuildPhase;
			buildActionMask = 2147483647;
			files = (
			);
			inputFileListPaths = (
			);
			inputPaths = (
				"${PODS_PODFILE_DIR_PATH}/Podfile.lock",
				"${PODS_ROOT}/Manifest.lock",
			);
			name = "[CP] Check Pods Manifest.lock";
			outputFileListPaths = (
			);
			outputPaths = (
				"$(DERIVED_FILE_DIR)/Pods-GameWorlds-checkManifestLockResult.txt",
			);
			runOnlyForDeploymentPostprocessing = 0;
			shellPath = /bin/sh;
			shellScript = "diff \"${PODS_PODFILE_DIR_PATH}/Podfile.lock\" \"${PODS_ROOT}/Manifest.lock\" > /dev/null\nif [ $? != 0 ] ; then\n    # print error to STDERR\n    echo \"error: The sandbox is not in sync with the Podfile.lock. Run 'pod install' or update your CocoaPods installation.\" >&2\n    exit 1\nfi\n# This output is used by Xcode 'outputs' to avoid re-running this script phase.\necho \"SUCCESS\" > \"${SCRIPT_OUTPUT_FILE_0}\"\n";
			showEnvVarsInLog = 0;
		};
		9E6BDA6AF3F0770C64853B4D /* [CP] Embed Pods Frameworks */ = {
			isa = PBXShellScriptBuildPhase;
			buildActionMask = 2147483647;
			files = (
			);
			inputFileListPaths = (
			);
			inputPaths = (
				"${SRCROOT}/Pods/Target Support Files/Pods-GameWorlds/Pods-GameWorlds-frameworks.sh",
				"${BUILT_PRODUCTS_DIR}/Alamofire/Alamofire.framework",
				"${BUILT_PRODUCTS_DIR}/RxAtomic/RxAtomic.framework",
				"${BUILT_PRODUCTS_DIR}/RxCocoa/RxCocoa.framework",
				"${BUILT_PRODUCTS_DIR}/RxSwift/RxSwift.framework",
			);
			name = "[CP] Embed Pods Frameworks";
			outputFileListPaths = (
			);
			outputPaths = (
				"${TARGET_BUILD_DIR}/${FRAMEWORKS_FOLDER_PATH}/Alamofire.framework",
				"${TARGET_BUILD_DIR}/${FRAMEWORKS_FOLDER_PATH}/RxAtomic.framework",
				"${TARGET_BUILD_DIR}/${FRAMEWORKS_FOLDER_PATH}/RxCocoa.framework",
				"${TARGET_BUILD_DIR}/${FRAMEWORKS_FOLDER_PATH}/RxSwift.framework",
			);
			runOnlyForDeploymentPostprocessing = 0;
			shellPath = /bin/sh;
			shellScript = "\"${SRCROOT}/Pods/Target Support Files/Pods-GameWorlds/Pods-GameWorlds-frameworks.sh\"\n";
			showEnvVarsInLog = 0;
		};
/* End PBXShellScriptBuildPhase section */

/* Begin PBXSourcesBuildPhase section */
		67D0180922B40B25004EE0C2 /* Sources */ = {
			isa = PBXSourcesBuildPhase;
			buildActionMask = 2147483647;
			files = (
				67D8A9FB22B517ED00BFCFB4 /* Router.swift in Sources */,
				6717168822B4EBC300DBF2E4 /* WorldsController.swift in Sources */,
				6717168122B4E08600DBF2E4 /* Presenter.swift in Sources */,
				67D0181322B40B25004EE0C2 /* ViewController.swift in Sources */,
				67D0182622B40B48004EE0C2 /* NetworkProvider.swift in Sources */,
				67D0181122B40B25004EE0C2 /* AppDelegate.swift in Sources */,
				67D8A9F722B4FFB700BFCFB4 /* Extensions.swift in Sources */,
				67D0181922B40B25004EE0C2 /* GameWorlds.xcdatamodeld in Sources */,
				6717167E22B4D3B400DBF2E4 /* Worlds.swift in Sources */,
				6717168522B4E0D300DBF2E4 /* WorldsView.swift in Sources */,
				6729576D22B4FA44007FE810 /* WorldsTableViewCell.swift in Sources */,
			);
			runOnlyForDeploymentPostprocessing = 0;
		};
/* End PBXSourcesBuildPhase section */

/* Begin PBXVariantGroup section */
		67D0181422B40B25004EE0C2 /* Main.storyboard */ = {
			isa = PBXVariantGroup;
			children = (
				67D0181522B40B25004EE0C2 /* Base */,
			);
			name = Main.storyboard;
			sourceTree = "<group>";
		};
		67D0181C22B40B28004EE0C2 /* LaunchScreen.storyboard */ = {
			isa = PBXVariantGroup;
			children = (
				67D0181D22B40B28004EE0C2 /* Base */,
			);
			name = LaunchScreen.storyboard;
			sourceTree = "<group>";
		};
/* End PBXVariantGroup section */

/* Begin XCBuildConfiguration section */
		67D0182022B40B28004EE0C2 /* Debug */ = {
			isa = XCBuildConfiguration;
			buildSettings = {
				ALWAYS_SEARCH_USER_PATHS = NO;
				CLANG_ANALYZER_NONNULL = YES;
				CLANG_ANALYZER_NUMBER_OBJECT_CONVERSION = YES_AGGRESSIVE;
				CLANG_CXX_LANGUAGE_STANDARD = "gnu++14";
				CLANG_CXX_LIBRARY = "libc++";
				CLANG_ENABLE_MODULES = YES;
				CLANG_ENABLE_OBJC_ARC = YES;
				CLANG_ENABLE_OBJC_WEAK = YES;
				CLANG_WARN_BLOCK_CAPTURE_AUTORELEASING = YES;
				CLANG_WARN_BOOL_CONVERSION = YES;
				CLANG_WARN_COMMA = YES;
				CLANG_WARN_CONSTANT_CONVERSION = YES;
				CLANG_WARN_DEPRECATED_OBJC_IMPLEMENTATIONS = YES;
				CLANG_WARN_DIRECT_OBJC_ISA_USAGE = YES_ERROR;
				CLANG_WARN_DOCUMENTATION_COMMENTS = YES;
				CLANG_WARN_EMPTY_BODY = YES;
				CLANG_WARN_ENUM_CONVERSION = YES;
				CLANG_WARN_INFINITE_RECURSION = YES;
				CLANG_WARN_INT_CONVERSION = YES;
				CLANG_WARN_NON_LITERAL_NULL_CONVERSION = YES;
				CLANG_WARN_OBJC_IMPLICIT_RETAIN_SELF = YES;
				CLANG_WARN_OBJC_LITERAL_CONVERSION = YES;
				CLANG_WARN_OBJC_ROOT_CLASS = YES_ERROR;
				CLANG_WARN_RANGE_LOOP_ANALYSIS = YES;
				CLANG_WARN_STRICT_PROTOTYPES = YES;
				CLANG_WARN_SUSPICIOUS_MOVE = YES;
				CLANG_WARN_UNGUARDED_AVAILABILITY = YES_AGGRESSIVE;
				CLANG_WARN_UNREACHABLE_CODE = YES;
				CLANG_WARN__DUPLICATE_METHOD_MATCH = YES;
				CODE_SIGN_IDENTITY = "iPhone Developer";
				COPY_PHASE_STRIP = NO;
				DEBUG_INFORMATION_FORMAT = dwarf;
				ENABLE_STRICT_OBJC_MSGSEND = YES;
				ENABLE_TESTABILITY = YES;
				GCC_C_LANGUAGE_STANDARD = gnu11;
				GCC_DYNAMIC_NO_PIC = NO;
				GCC_NO_COMMON_BLOCKS = YES;
				GCC_OPTIMIZATION_LEVEL = 0;
				GCC_PREPROCESSOR_DEFINITIONS = (
					"DEBUG=1",
					"$(inherited)",
				);
				GCC_WARN_64_TO_32_BIT_CONVERSION = YES;
				GCC_WARN_ABOUT_RETURN_TYPE = YES_ERROR;
				GCC_WARN_UNDECLARED_SELECTOR = YES;
				GCC_WARN_UNINITIALIZED_AUTOS = YES_AGGRESSIVE;
				GCC_WARN_UNUSED_FUNCTION = YES;
				GCC_WARN_UNUSED_VARIABLE = YES;
				IPHONEOS_DEPLOYMENT_TARGET = 12.1;
				MTL_ENABLE_DEBUG_INFO = INCLUDE_SOURCE;
				MTL_FAST_MATH = YES;
				ONLY_ACTIVE_ARCH = YES;
				SDKROOT = iphoneos;
				SWIFT_ACTIVE_COMPILATION_CONDITIONS = DEBUG;
				SWIFT_OPTIMIZATION_LEVEL = "-Onone";
			};
			name = Debug;
		};
		67D0182122B40B28004EE0C2 /* Release */ = {
			isa = XCBuildConfiguration;
			buildSettings = {
				ALWAYS_SEARCH_USER_PATHS = NO;
				CLANG_ANALYZER_NONNULL = YES;
				CLANG_ANALYZER_NUMBER_OBJECT_CONVERSION = YES_AGGRESSIVE;
				CLANG_CXX_LANGUAGE_STANDARD = "gnu++14";
				CLANG_CXX_LIBRARY = "libc++";
				CLANG_ENABLE_MODULES = YES;
				CLANG_ENABLE_OBJC_ARC = YES;
				CLANG_ENABLE_OBJC_WEAK = YES;
				CLANG_WARN_BLOCK_CAPTURE_AUTORELEASING = YES;
				CLANG_WARN_BOOL_CONVERSION = YES;
				CLANG_WARN_COMMA = YES;
				CLANG_WARN_CONSTANT_CONVERSION = YES;
				CLANG_WARN_DEPRECATED_OBJC_IMPLEMENTATIONS = YES;
				CLANG_WARN_DIRECT_OBJC_ISA_USAGE = YES_ERROR;
				CLANG_WARN_DOCUMENTATION_COMMENTS = YES;
				CLANG_WARN_EMPTY_BODY = YES;
				CLANG_WARN_ENUM_CONVERSION = YES;
				CLANG_WARN_INFINITE_RECURSION = YES;
				CLANG_WARN_INT_CONVERSION = YES;
				CLANG_WARN_NON_LITERAL_NULL_CONVERSION = YES;
				CLANG_WARN_OBJC_IMPLICIT_RETAIN_SELF = YES;
				CLANG_WARN_OBJC_LITERAL_CONVERSION = YES;
				CLANG_WARN_OBJC_ROOT_CLASS = YES_ERROR;
				CLANG_WARN_RANGE_LOOP_ANALYSIS = YES;
				CLANG_WARN_STRICT_PROTOTYPES = YES;
				CLANG_WARN_SUSPICIOUS_MOVE = YES;
				CLANG_WARN_UNGUARDED_AVAILABILITY = YES_AGGRESSIVE;
				CLANG_WARN_UNREACHABLE_CODE = YES;
				CLANG_WARN__DUPLICATE_METHOD_MATCH = YES;
				CODE_SIGN_IDENTITY = "iPhone Developer";
				COPY_PHASE_STRIP = NO;
				DEBUG_INFORMATION_FORMAT = "dwarf-with-dsym";
				ENABLE_NS_ASSERTIONS = NO;
				ENABLE_STRICT_OBJC_MSGSEND = YES;
				GCC_C_LANGUAGE_STANDARD = gnu11;
				GCC_NO_COMMON_BLOCKS = YES;
				GCC_WARN_64_TO_32_BIT_CONVERSION = YES;
				GCC_WARN_ABOUT_RETURN_TYPE = YES_ERROR;
				GCC_WARN_UNDECLARED_SELECTOR = YES;
				GCC_WARN_UNINITIALIZED_AUTOS = YES_AGGRESSIVE;
				GCC_WARN_UNUSED_FUNCTION = YES;
				GCC_WARN_UNUSED_VARIABLE = YES;
				IPHONEOS_DEPLOYMENT_TARGET = 12.1;
				MTL_ENABLE_DEBUG_INFO = NO;
				MTL_FAST_MATH = YES;
				SDKROOT = iphoneos;
				SWIFT_COMPILATION_MODE = wholemodule;
				SWIFT_OPTIMIZATION_LEVEL = "-O";
				VALIDATE_PRODUCT = YES;
			};
			name = Release;
		};
		67D0182322B40B28004EE0C2 /* Debug */ = {
			isa = XCBuildConfiguration;
			baseConfigurationReference = 98404C2A128186253E6374B4 /* Pods-GameWorlds.debug.xcconfig */;
			buildSettings = {
				ASSETCATALOG_COMPILER_APPICON_NAME = AppIcon;
				CODE_SIGN_STYLE = Automatic;
				DEVELOPMENT_TEAM = YUVT827MWJ;
				INFOPLIST_FILE = GameWorlds/Info.plist;
				LD_RUNPATH_SEARCH_PATHS = (
					"$(inherited)",
					"@executable_path/Frameworks",
				);
				PRODUCT_BUNDLE_IDENTIFIER = "liza-kaganskaya.GameWorlds";
				PRODUCT_NAME = "$(TARGET_NAME)";
				SWIFT_VERSION = 4.2;
				TARGETED_DEVICE_FAMILY = "1,2";
			};
			name = Debug;
		};
		67D0182422B40B28004EE0C2 /* Release */ = {
			isa = XCBuildConfiguration;
			baseConfigurationReference = E28075E016BF3A68F8C8444B /* Pods-GameWorlds.release.xcconfig */;
			buildSettings = {
				ASSETCATALOG_COMPILER_APPICON_NAME = AppIcon;
				CODE_SIGN_STYLE = Automatic;
				DEVELOPMENT_TEAM = YUVT827MWJ;
				INFOPLIST_FILE = GameWorlds/Info.plist;
				LD_RUNPATH_SEARCH_PATHS = (
					"$(inherited)",
					"@executable_path/Frameworks",
				);
				PRODUCT_BUNDLE_IDENTIFIER = "liza-kaganskaya.GameWorlds";
				PRODUCT_NAME = "$(TARGET_NAME)";
				SWIFT_VERSION = 4.2;
				TARGETED_DEVICE_FAMILY = "1,2";
			};
			name = Release;
		};
/* End XCBuildConfiguration section */

/* Begin XCConfigurationList section */
		67D0180822B40B25004EE0C2 /* Build configuration list for PBXProject "GameWorlds" */ = {
			isa = XCConfigurationList;
			buildConfigurations = (
				67D0182022B40B28004EE0C2 /* Debug */,
				67D0182122B40B28004EE0C2 /* Release */,
			);
			defaultConfigurationIsVisible = 0;
			defaultConfigurationName = Release;
		};
		67D0182222B40B28004EE0C2 /* Build configuration list for PBXNativeTarget "GameWorlds" */ = {
			isa = XCConfigurationList;
			buildConfigurations = (
				67D0182322B40B28004EE0C2 /* Debug */,
				67D0182422B40B28004EE0C2 /* Release */,
			);
			defaultConfigurationIsVisible = 0;
			defaultConfigurationName = Release;
		};
/* End XCConfigurationList section */

/* Begin XCVersionGroup section */
		67D0181722B40B25004EE0C2 /* GameWorlds.xcdatamodeld */ = {
			isa = XCVersionGroup;
			children = (
				67D0181822B40B25004EE0C2 /* GameWorlds.xcdatamodel */,
			);
			currentVersion = 67D0181822B40B25004EE0C2 /* GameWorlds.xcdatamodel */;
			path = GameWorlds.xcdatamodeld;
			sourceTree = "<group>";
			versionGroupType = wrapper.xcdatamodel;
		};
/* End XCVersionGroup section */
	};
	rootObject = 67D0180522B40B25004EE0C2 /* Project object */;
}
